
Microsoft Visual Studio Solution File, Format Version 12.00
# Visual Studio Version 17
VisualStudioVersion = 17.12.35707.178 d17.12
MinimumVisualStudioVersion = 10.0.40219.1
Project("{FAE04EC0-301F-11D3-BF4B-00C04F79EFBC}") = "Knihovna.webAPI", "Knihovna.webAPI\Knihovna.webAPI.csproj", "{1864D691-87D0-4070-AF5D-C6772177DA15}"
EndProject
Global
	GlobalSection(SolutionConfigurationPlatforms) = preSolution
		Debug|Any CPU = Debug|Any CPU
		Release|Any CPU = Release|Any CPU
	EndGlobalSection
	GlobalSection(ProjectConfigurationPlatforms) = postSolution
		{1864D691-87D0-4070-AF5D-C6772177DA15}.Debug|Any CPU.ActiveCfg = Debug|Any CPU
		{1864D691-87D0-4070-AF5D-C6772177DA15}.Debug|Any CPU.Build.0 = Debug|Any CPU
		{1864D691-87D0-4070-AF5D-C6772177DA15}.Release|Any CPU.ActiveCfg = Release|Any CPU
		{1864D691-87D0-4070-AF5D-C6772177DA15}.Release|Any CPU.Build.0 = Release|Any CPU
	EndGlobalSection
	GlobalSection(SolutionProperties) = preSolution
		HideSolutionNode = FALSE
	EndGlobalSection
EndGlobal
